
Microsoft Visual Studio Solution File, Format Version 12.00
# Visual Studio Version 17
VisualStudioVersion = 17.5.33516.290
MinimumVisualStudioVersion = 10.0.40219.1
Project("{9A19103F-16F7-4668-BE54-9A1E7A4F7556}") = "WorldFabric", "WorldFabric\WorldFabric.csproj", "{01F14661-6C1E-4C07-BE41-756B139F728F}"
EndProject
Project("{FAE04EC0-301F-11D3-BF4B-00C04F79EFBC}") = "WorldFabricCore", "WorldFabricCore\WorldFabricCore.csproj", "{DC5CA7BD-B3BA-4937-AC81-37E1136AF48B}"
EndProject
Project("{FAE04EC0-301F-11D3-BF4B-00C04F79EFBC}") = "WorldFabricCoreTests", "WorldFabricCoreTests\WorldFabricCoreTests.csproj", "{BD2F49CC-41E6-42CC-A490-8331CE540715}"
EndProject
Global
	GlobalSection(SolutionConfigurationPlatforms) = preSolution
		Debug|Any CPU = Debug|Any CPU
		Release|Any CPU = Release|Any CPU
	EndGlobalSection
	GlobalSection(ProjectConfigurationPlatforms) = postSolution
		{01F14661-6C1E-4C07-BE41-756B139F728F}.Debug|Any CPU.ActiveCfg = Debug|Any CPU
		{01F14661-6C1E-4C07-BE41-756B139F728F}.Debug|Any CPU.Build.0 = Debug|Any CPU
		{01F14661-6C1E-4C07-BE41-756B139F728F}.Release|Any CPU.ActiveCfg = Release|Any CPU
		{01F14661-6C1E-4C07-BE41-756B139F728F}.Release|Any CPU.Build.0 = Release|Any CPU
		{DC5CA7BD-B3BA-4937-AC81-37E1136AF48B}.Debug|Any CPU.ActiveCfg = Debug|Any CPU
		{DC5CA7BD-B3BA-4937-AC81-37E1136AF48B}.Debug|Any CPU.Build.0 = Debug|Any CPU
		{DC5CA7BD-B3BA-4937-AC81-37E1136AF48B}.Release|Any CPU.ActiveCfg = Release|Any CPU
		{DC5CA7BD-B3BA-4937-AC81-37E1136AF48B}.Release|Any CPU.Build.0 = Release|Any CPU
		{BD2F49CC-41E6-42CC-A490-8331CE540715}.Debug|Any CPU.ActiveCfg = Debug|Any CPU
		{BD2F49CC-41E6-42CC-A490-8331CE540715}.Debug|Any CPU.Build.0 = Debug|Any CPU
		{BD2F49CC-41E6-42CC-A490-8331CE540715}.Release|Any CPU.ActiveCfg = Release|Any CPU
		{BD2F49CC-41E6-42CC-A490-8331CE540715}.Release|Any CPU.Build.0 = Release|Any CPU
	EndGlobalSection
	GlobalSection(SolutionProperties) = preSolution
		HideSolutionNode = FALSE
	EndGlobalSection
	GlobalSection(ExtensibilityGlobals) = postSolution
		SolutionGuid = {C18396D9-4690-427E-BC71-1BA1DA30F2A8}
	EndGlobalSection
EndGlobal
